
Microsoft Visual Studio Solution File, Format Version 12.00
# Visual Studio Version 17
VisualStudioVersion = 17.7.34202.233
MinimumVisualStudioVersion = 10.0.40219.1
Project("{9A19103F-16F7-4668-BE54-9A1E7A4F7556}") = "Hospital.Entity", "Hospital.Entity\Hospital.Entity.csproj", "{B5BA1B5C-460B-448E-8B34-470169A9CEE6}"
EndProject
Project("{9A19103F-16F7-4668-BE54-9A1E7A4F7556}") = "Hospital.Data", "Hospital.Data\Hospital.Data.csproj", "{64F4D05F-AC53-416D-B0F8-8A6FCBBADD89}"
EndProject
Project("{9A19103F-16F7-4668-BE54-9A1E7A4F7556}") = "Hospital.BL", "Hospital.BL\Hospital.BL.csproj", "{3B983EA7-3736-4AA2-AFE3-A5D60A233940}"
EndProject
Project("{9A19103F-16F7-4668-BE54-9A1E7A4F7556}") = "Hospital.MVC", "Hospital.MVC\Hospital.MVC.csproj", "{44AEB350-1E3B-4C75-A818-FA36997B1E52}"
EndProject
Global
	GlobalSection(SolutionConfigurationPlatforms) = preSolution
		Debug|Any CPU = Debug|Any CPU
		Release|Any CPU = Release|Any CPU
	EndGlobalSection
	GlobalSection(ProjectConfigurationPlatforms) = postSolution
		{B5BA1B5C-460B-448E-8B34-470169A9CEE6}.Debug|Any CPU.ActiveCfg = Debug|Any CPU
		{B5BA1B5C-460B-448E-8B34-470169A9CEE6}.Debug|Any CPU.Build.0 = Debug|Any CPU
		{B5BA1B5C-460B-448E-8B34-470169A9CEE6}.Release|Any CPU.ActiveCfg = Release|Any CPU
		{B5BA1B5C-460B-448E-8B34-470169A9CEE6}.Release|Any CPU.Build.0 = Release|Any CPU
		{64F4D05F-AC53-416D-B0F8-8A6FCBBADD89}.Debug|Any CPU.ActiveCfg = Debug|Any CPU
		{64F4D05F-AC53-416D-B0F8-8A6FCBBADD89}.Debug|Any CPU.Build.0 = Debug|Any CPU
		{64F4D05F-AC53-416D-B0F8-8A6FCBBADD89}.Release|Any CPU.ActiveCfg = Release|Any CPU
		{64F4D05F-AC53-416D-B0F8-8A6FCBBADD89}.Release|Any CPU.Build.0 = Release|Any CPU
		{3B983EA7-3736-4AA2-AFE3-A5D60A233940}.Debug|Any CPU.ActiveCfg = Debug|Any CPU
		{3B983EA7-3736-4AA2-AFE3-A5D60A233940}.Debug|Any CPU.Build.0 = Debug|Any CPU
		{3B983EA7-3736-4AA2-AFE3-A5D60A233940}.Release|Any CPU.ActiveCfg = Release|Any CPU
		{3B983EA7-3736-4AA2-AFE3-A5D60A233940}.Release|Any CPU.Build.0 = Release|Any CPU
		{44AEB350-1E3B-4C75-A818-FA36997B1E52}.Debug|Any CPU.ActiveCfg = Debug|Any CPU
		{44AEB350-1E3B-4C75-A818-FA36997B1E52}.Debug|Any CPU.Build.0 = Debug|Any CPU
		{44AEB350-1E3B-4C75-A818-FA36997B1E52}.Release|Any CPU.ActiveCfg = Release|Any CPU
		{44AEB350-1E3B-4C75-A818-FA36997B1E52}.Release|Any CPU.Build.0 = Release|Any CPU
	EndGlobalSection
	GlobalSection(SolutionProperties) = preSolution
		HideSolutionNode = FALSE
	EndGlobalSection
	GlobalSection(ExtensibilityGlobals) = postSolution
		SolutionGuid = {36290B5A-3FF7-4E48-9E43-7528F207825A}
	EndGlobalSection
EndGlobal
